
Microsoft Visual Studio Solution File, Format Version 12.00
# Visual Studio Version 17
VisualStudioVersion = 17.1.32414.318
MinimumVisualStudioVersion = 10.0.40219.1
Project("{FAE04EC0-301F-11D3-BF4B-00C04F79EFBC}") = "pytagorasOpdrachtGui", "pytagorasOpdracht\pytagorasOpdrachtGui.csproj", "{65951368-467D-4BB6-BA13-D2C5273C3C03}"
EndProject
Project("{FAE04EC0-301F-11D3-BF4B-00C04F79EFBC}") = "PythagorasUnitTests", "..\PythagorasUnitTests\PythagorasUnitTests.csproj", "{D5700DC9-7005-43A2-B1F1-79B00757CFAF}"
EndProject
Project("{FAE04EC0-301F-11D3-BF4B-00C04F79EFBC}") = "pythagosarOpdrachtLib", "pythagosarOpdrachtLib\pythagosarOpdrachtLib.csproj", "{92ED8434-B73E-489B-8310-72CC56AF967C}"
EndProject
Global
	GlobalSection(SolutionConfigurationPlatforms) = preSolution
		Debug|Any CPU = Debug|Any CPU
		Release|Any CPU = Release|Any CPU
	EndGlobalSection
	GlobalSection(ProjectConfigurationPlatforms) = postSolution
		{65951368-467D-4BB6-BA13-D2C5273C3C03}.Debug|Any CPU.ActiveCfg = Debug|Any CPU
		{65951368-467D-4BB6-BA13-D2C5273C3C03}.Debug|Any CPU.Build.0 = Debug|Any CPU
		{65951368-467D-4BB6-BA13-D2C5273C3C03}.Release|Any CPU.ActiveCfg = Release|Any CPU
		{65951368-467D-4BB6-BA13-D2C5273C3C03}.Release|Any CPU.Build.0 = Release|Any CPU
		{D5700DC9-7005-43A2-B1F1-79B00757CFAF}.Debug|Any CPU.ActiveCfg = Debug|Any CPU
		{D5700DC9-7005-43A2-B1F1-79B00757CFAF}.Debug|Any CPU.Build.0 = Debug|Any CPU
		{D5700DC9-7005-43A2-B1F1-79B00757CFAF}.Release|Any CPU.ActiveCfg = Release|Any CPU
		{D5700DC9-7005-43A2-B1F1-79B00757CFAF}.Release|Any CPU.Build.0 = Release|Any CPU
		{92ED8434-B73E-489B-8310-72CC56AF967C}.Debug|Any CPU.ActiveCfg = Debug|Any CPU
		{92ED8434-B73E-489B-8310-72CC56AF967C}.Debug|Any CPU.Build.0 = Debug|Any CPU
		{92ED8434-B73E-489B-8310-72CC56AF967C}.Release|Any CPU.ActiveCfg = Release|Any CPU
		{92ED8434-B73E-489B-8310-72CC56AF967C}.Release|Any CPU.Build.0 = Release|Any CPU
	EndGlobalSection
	GlobalSection(SolutionProperties) = preSolution
		HideSolutionNode = FALSE
	EndGlobalSection
	GlobalSection(ExtensibilityGlobals) = postSolution
		SolutionGuid = {8E4743C8-36D2-4E18-A813-4006F7FDA7F2}
	EndGlobalSection
EndGlobal
